lockVersion: 2.0.0
id: e2d8e9e7-c29a-4012-a94a-ca6865c7839d
management:
  docChecksum: bdeef570b0419e1bea21741ccac9ae77
  docVersion: 1.1.4
  speakeasyVersion: 1.227.0
  generationVersion: 2.291.0
  releaseVersion: 5.3.0
  configChecksum: da1a3a3e13275daeee968522c61b1305
  repoURL: https://github.com/speakeasy-sdks/terraform-provider-nomad.git
  repoSubDirectory: .
  published: true
features:
  terraform:
    core: 3.12.1
    globalSecurity: 2.81.6
    globalServerURLs: 2.82.1
    inputOutputModels: 2.83.0
generatedFiles:
  - internal/sdk/acl.go
  - internal/sdk/allocations.go
  - internal/sdk/deployments.go
  - internal/sdk/evaluations.go
  - internal/sdk/jobs.go
  - internal/sdk/metrics.go
  - internal/sdk/namespaces.go
  - internal/sdk/nodes.go
  - internal/sdk/operator.go
  - internal/sdk/plugins.go
  - internal/sdk/enterprise.go
  - internal/sdk/regions.go
  - internal/sdk/scaling.go
  - internal/sdk/search.go
  - internal/sdk/status.go
  - internal/sdk/system.go
  - internal/sdk/variables.go
  - internal/sdk/volumes.go
  - internal/sdk/nomad.go
  - internal/sdk/models/errors/sdkerror.go
  - internal/sdk/types/bigint.go
  - internal/sdk/types/date.go
  - internal/sdk/types/datetime.go
  - internal/sdk/types/decimal.go
  - internal/sdk/types/pointers.go
  - internal/sdk/internal/utils/contenttype.go
  - internal/sdk/internal/utils/form.go
  - internal/sdk/internal/utils/headers.go
  - internal/sdk/internal/utils/json.go
  - internal/sdk/internal/utils/pathparams.go
  - internal/sdk/internal/utils/queryparams.go
  - internal/sdk/internal/utils/requestbody.go
  - internal/sdk/internal/utils/retries.go
  - internal/sdk/internal/utils/security.go
  - internal/sdk/internal/utils/utils.go
  - internal/sdk/models/operations/deleteaclpolicy.go
  - internal/sdk/models/operations/deleteacltoken.go
  - internal/sdk/models/operations/getaclpolicies.go
  - internal/sdk/models/operations/getaclpolicy.go
  - internal/sdk/models/operations/getacltoken.go
  - internal/sdk/models/operations/getacltokenself.go
  - internal/sdk/models/operations/getacltokens.go
  - internal/sdk/models/operations/postaclbootstrap.go
  - internal/sdk/models/operations/postaclpolicy.go
  - internal/sdk/models/operations/postacltoken.go
  - internal/sdk/models/operations/postacltokenonetime.go
  - internal/sdk/models/operations/postacltokenonetimeexchange.go
  - internal/sdk/models/operations/getallocation.go
  - internal/sdk/models/operations/getallocationservices.go
  - internal/sdk/models/operations/getallocations.go
  - internal/sdk/models/operations/postallocationstop.go
  - internal/sdk/models/operations/getdeployment.go
  - internal/sdk/models/operations/getdeploymentallocations.go
  - internal/sdk/models/operations/getdeployments.go
  - internal/sdk/models/operations/postdeploymentallocationhealth.go
  - internal/sdk/models/operations/postdeploymentfail.go
  - internal/sdk/models/operations/postdeploymentpause.go
  - internal/sdk/models/operations/postdeploymentpromote.go
  - internal/sdk/models/operations/postdeploymentunblock.go
  - internal/sdk/models/operations/getevaluation.go
  - internal/sdk/models/operations/getevaluationallocations.go
  - internal/sdk/models/operations/getevaluations.go
  - internal/sdk/models/operations/deletejob.go
  - internal/sdk/models/operations/getjob.go
  - internal/sdk/models/operations/getjoballocations.go
  - internal/sdk/models/operations/getjobdeployment.go
  - internal/sdk/models/operations/getjobdeployments.go
  - internal/sdk/models/operations/getjobevaluations.go
  - internal/sdk/models/operations/getjobscalestatus.go
  - internal/sdk/models/operations/getjobsummary.go
  - internal/sdk/models/operations/getjobversions.go
  - internal/sdk/models/operations/getjobs.go
  - internal/sdk/models/operations/postjob.go
  - internal/sdk/models/operations/postjobdispatch.go
  - internal/sdk/models/operations/postjobevaluate.go
  - internal/sdk/models/operations/postjobparse.go
  - internal/sdk/models/operations/postjobperiodicforce.go
  - internal/sdk/models/operations/postjobplan.go
  - internal/sdk/models/operations/postjobrevert.go
  - internal/sdk/models/operations/postjobscalingrequest.go
  - internal/sdk/models/operations/postjobstability.go
  - internal/sdk/models/operations/postjobvalidaterequest.go
  - internal/sdk/models/operations/registerjob.go
  - internal/sdk/models/operations/getmetricssummary.go
  - internal/sdk/models/operations/createnamespace.go
  - internal/sdk/models/operations/deletenamespace.go
  - internal/sdk/models/operations/getnamespace.go
  - internal/sdk/models/operations/getnamespaces.go
  - internal/sdk/models/operations/postnamespace.go
  - internal/sdk/models/operations/getnode.go
  - internal/sdk/models/operations/getnodeallocations.go
  - internal/sdk/models/operations/getnodes.go
  - internal/sdk/models/operations/updatenodedrain.go
  - internal/sdk/models/operations/updatenodeeligibility.go
  - internal/sdk/models/operations/updatenodepurge.go
  - internal/sdk/models/operations/deleteoperatorraftpeer.go
  - internal/sdk/models/operations/getoperatorautopilotconfiguration.go
  - internal/sdk/models/operations/getoperatorautopilothealth.go
  - internal/sdk/models/operations/getoperatorraftconfiguration.go
  - internal/sdk/models/operations/getoperatorschedulerconfiguration.go
  - internal/sdk/models/operations/postoperatorschedulerconfiguration.go
  - internal/sdk/models/operations/putoperatorautopilotconfiguration.go
  - internal/sdk/models/operations/getplugincsi.go
  - internal/sdk/models/operations/getplugins.go
  - internal/sdk/models/operations/createquotaspec.go
  - internal/sdk/models/operations/deletequotaspec.go
  - internal/sdk/models/operations/getquotaspec.go
  - internal/sdk/models/operations/getquotas.go
  - internal/sdk/models/operations/postquotaspec.go
  - internal/sdk/models/operations/getregions.go
  - internal/sdk/models/operations/getscalingpolicies.go
  - internal/sdk/models/operations/getscalingpolicy.go
  - internal/sdk/models/operations/getfuzzysearch.go
  - internal/sdk/models/operations/getsearch.go
  - internal/sdk/models/operations/getstatusleader.go
  - internal/sdk/models/operations/getstatuspeers.go
  - internal/sdk/models/operations/putsystemgc.go
  - internal/sdk/models/operations/putsystemreconcilesummaries.go
  - internal/sdk/models/operations/deletevariable.go
  - internal/sdk/models/operations/getvariablequery.go
  - internal/sdk/models/operations/getvariableslistrequest.go
  - internal/sdk/models/operations/postvariable.go
  - internal/sdk/models/operations/putvariable.go
  - internal/sdk/models/operations/createvolume.go
  - internal/sdk/models/operations/deletesnapshot.go
  - internal/sdk/models/operations/deletevolumeregistration.go
  - internal/sdk/models/operations/detachordeletevolume.go
  - internal/sdk/models/operations/getexternalvolumes.go
  - internal/sdk/models/operations/getsnapshots.go
  - internal/sdk/models/operations/getvolume.go
  - internal/sdk/models/operations/getvolumes.go
  - internal/sdk/models/operations/postsnapshot.go
  - internal/sdk/models/operations/postvolume.go
  - internal/sdk/models/operations/postvolumeregistration.go
  - internal/sdk/models/shared/aclpolicyliststub.go
  - internal/sdk/models/shared/aclpolicy.go
  - internal/sdk/models/shared/jobacl.go
  - internal/sdk/models/shared/acltoken.go
  - internal/sdk/models/shared/acltokenrolelink.go
  - internal/sdk/models/shared/acltokenliststub.go
  - internal/sdk/models/shared/onetimetoken.go
  - internal/sdk/models/shared/onetimetokenexchangerequest.go
  - internal/sdk/models/shared/allocation.go
  - internal/sdk/models/shared/taskstate.go
  - internal/sdk/models/shared/taskhandle.go
  - internal/sdk/models/shared/taskevent.go
  - internal/sdk/models/shared/resources.go
  - internal/sdk/models/shared/networkresource.go
  - internal/sdk/models/shared/port.go
  - internal/sdk/models/shared/dnsconfig.go
  - internal/sdk/models/shared/requesteddevice.go
  - internal/sdk/models/shared/constraint.go
  - internal/sdk/models/shared/affinity.go
  - internal/sdk/models/shared/rescheduletracker.go
  - internal/sdk/models/shared/rescheduleevent.go
  - internal/sdk/models/shared/allocationmetric.go
  - internal/sdk/models/shared/nodescoremeta.go
  - internal/sdk/models/shared/job.go
  - internal/sdk/models/shared/updatestrategy.go
  - internal/sdk/models/shared/taskgroup.go
  - internal/sdk/models/shared/volumerequest.go
  - internal/sdk/models/shared/csimountoptions.go
  - internal/sdk/models/shared/task.go
  - internal/sdk/models/shared/volumemount.go
  - internal/sdk/models/shared/vault.go
  - internal/sdk/models/shared/template.go
  - internal/sdk/models/shared/waitconfig.go
  - internal/sdk/models/shared/changescript.go
  - internal/sdk/models/shared/service.go
  - internal/sdk/models/shared/consulconnect.go
  - internal/sdk/models/shared/sidecartask.go
  - internal/sdk/models/shared/logconfig.go
  - internal/sdk/models/shared/consulsidecarservice.go
  - internal/sdk/models/shared/consulproxy.go
  - internal/sdk/models/shared/consulupstream.go
  - internal/sdk/models/shared/consulmeshgateway.go
  - internal/sdk/models/shared/consulexposeconfig.go
  - internal/sdk/models/shared/consulexposepath.go
  - internal/sdk/models/shared/consulgateway.go
  - internal/sdk/models/shared/consulterminatingconfigentry.go
  - internal/sdk/models/shared/consullinkedservice.go
  - internal/sdk/models/shared/consulgatewayproxy.go
  - internal/sdk/models/shared/consulgatewaybindaddress.go
  - internal/sdk/models/shared/consulingressconfigentry.go
  - internal/sdk/models/shared/consulgatewaytlsconfig.go
  - internal/sdk/models/shared/consulingresslistener.go
  - internal/sdk/models/shared/consulingressservice.go
  - internal/sdk/models/shared/servicecheck.go
  - internal/sdk/models/shared/checkrestart.go
  - internal/sdk/models/shared/scalingpolicy.go
  - internal/sdk/models/shared/restartpolicy.go
  - internal/sdk/models/shared/tasklifecycle.go
  - internal/sdk/models/shared/dispatchpayloadconfig.go
  - internal/sdk/models/shared/taskcsipluginconfig.go
  - internal/sdk/models/shared/taskartifact.go
  - internal/sdk/models/shared/spread.go
  - internal/sdk/models/shared/spreadtarget.go
  - internal/sdk/models/shared/reschedulepolicy.go
  - internal/sdk/models/shared/migratestrategy.go
  - internal/sdk/models/shared/ephemeraldisk.go
  - internal/sdk/models/shared/consul.go
  - internal/sdk/models/shared/periodicconfig.go
  - internal/sdk/models/shared/parameterizedjobconfig.go
  - internal/sdk/models/shared/multiregion.go
  - internal/sdk/models/shared/multiregionstrategy.go
  - internal/sdk/models/shared/multiregionregion.go
  - internal/sdk/models/shared/desiredtransition.go
  - internal/sdk/models/shared/allocdeploymentstatus.go
  - internal/sdk/models/shared/allocatedresources.go
  - internal/sdk/models/shared/allocatedtaskresources.go
  - internal/sdk/models/shared/allocatedmemoryresources.go
  - internal/sdk/models/shared/allocateddeviceresource.go
  - internal/sdk/models/shared/allocatedcpuresources.go
  - internal/sdk/models/shared/allocatedsharedresources.go
  - internal/sdk/models/shared/portmapping.go
  - internal/sdk/models/shared/serviceregistration.go
  - internal/sdk/models/shared/allocationliststub.go
  - internal/sdk/models/shared/allocstopresponse.go
  - internal/sdk/models/shared/deployment.go
  - internal/sdk/models/shared/deploymentstate.go
  - internal/sdk/models/shared/deploymentupdateresponse.go
  - internal/sdk/models/shared/deploymentallochealthrequest.go
  - internal/sdk/models/shared/deploymentpauserequest.go
  - internal/sdk/models/shared/deploymentpromoterequest.go
  - internal/sdk/models/shared/deploymentunblockrequest.go
  - internal/sdk/models/shared/evaluation.go
  - internal/sdk/models/shared/evaluationstub.go
  - internal/sdk/models/shared/jobderegisterresponse.go
  - internal/sdk/models/shared/jobscalestatusresponse.go
  - internal/sdk/models/shared/taskgroupscalestatus.go
  - internal/sdk/models/shared/scalingevent.go
  - internal/sdk/models/shared/jobsummary.go
  - internal/sdk/models/shared/taskgroupsummary.go
  - internal/sdk/models/shared/jobchildrensummary.go
  - internal/sdk/models/shared/jobversionsresponse.go
  - internal/sdk/models/shared/jobdiff.go
  - internal/sdk/models/shared/taskgroupdiff.go
  - internal/sdk/models/shared/taskdiff.go
  - internal/sdk/models/shared/objectdiffinput.go
  - internal/sdk/models/shared/objectdiff.go
  - internal/sdk/models/shared/fielddiff.go
  - internal/sdk/models/shared/jobliststub.go
  - internal/sdk/models/shared/jobregisterresponse.go
  - internal/sdk/models/shared/jobregisterrequest.go
  - internal/sdk/models/shared/jobdispatchresponse.go
  - internal/sdk/models/shared/jobdispatchrequest.go
  - internal/sdk/models/shared/jobevaluaterequest.go
  - internal/sdk/models/shared/evaloptions.go
  - internal/sdk/models/shared/jobsparserequest.go
  - internal/sdk/models/shared/periodicforceresponse.go
  - internal/sdk/models/shared/jobplanresponse.go
  - internal/sdk/models/shared/planannotations.go
  - internal/sdk/models/shared/desiredupdates.go
  - internal/sdk/models/shared/jobplanrequest.go
  - internal/sdk/models/shared/jobrevertrequest.go
  - internal/sdk/models/shared/scalingrequest.go
  - internal/sdk/models/shared/jobstabilityresponse.go
  - internal/sdk/models/shared/jobstabilityrequest.go
  - internal/sdk/models/shared/jobvalidateresponse.go
  - internal/sdk/models/shared/jobvalidaterequest.go
  - internal/sdk/models/shared/metricssummary.go
  - internal/sdk/models/shared/sampledvalue.go
  - internal/sdk/models/shared/pointvalue.go
  - internal/sdk/models/shared/gaugevalue.go
  - internal/sdk/models/shared/namespace.go
  - internal/sdk/models/shared/namespacecapabilities.go
  - internal/sdk/models/shared/node.go
  - internal/sdk/models/shared/nodereservedresources.go
  - internal/sdk/models/shared/nodereservednetworkresources.go
  - internal/sdk/models/shared/nodereservedmemoryresources.go
  - internal/sdk/models/shared/nodereserveddiskresources.go
  - internal/sdk/models/shared/nodereservedcpuresources.go
  - internal/sdk/models/shared/noderesources.go
  - internal/sdk/models/shared/nodememoryresources.go
  - internal/sdk/models/shared/nodediskresources.go
  - internal/sdk/models/shared/nodedeviceresource.go
  - internal/sdk/models/shared/nodedevice.go
  - internal/sdk/models/shared/nodedevicelocality.go
  - internal/sdk/models/shared/attribute.go
  - internal/sdk/models/shared/nodecpuresources.go
  - internal/sdk/models/shared/drainmetadata.go
  - internal/sdk/models/shared/hostvolumeinfo.go
  - internal/sdk/models/shared/hostnetworkinfo.go
  - internal/sdk/models/shared/nodeevent.go
  - internal/sdk/models/shared/driverinfo.go
  - internal/sdk/models/shared/drainstrategy.go
  - internal/sdk/models/shared/csiinfo.go
  - internal/sdk/models/shared/csinodeinfo.go
  - internal/sdk/models/shared/csitopology.go
  - internal/sdk/models/shared/csicontrollerinfo.go
  - internal/sdk/models/shared/nodeliststub.go
  - internal/sdk/models/shared/nodedrainupdateresponse.go
  - internal/sdk/models/shared/nodeupdatedrainrequest.go
  - internal/sdk/models/shared/drainspec.go
  - internal/sdk/models/shared/nodeeligibilityupdateresponse.go
  - internal/sdk/models/shared/nodeupdateeligibilityrequest.go
  - internal/sdk/models/shared/nodepurgeresponse.go
  - internal/sdk/models/shared/autopilotconfiguration.go
  - internal/sdk/models/shared/operatorhealthreply.go
  - internal/sdk/models/shared/serverhealth.go
  - internal/sdk/models/shared/raftconfiguration.go
  - internal/sdk/models/shared/raftserver.go
  - internal/sdk/models/shared/schedulerconfigurationresponse.go
  - internal/sdk/models/shared/schedulerconfiguration.go
  - internal/sdk/models/shared/preemptionconfig.go
  - internal/sdk/models/shared/schedulersetconfigurationresponse.go
  - internal/sdk/models/shared/csiplugin.go
  - internal/sdk/models/shared/csipluginliststub.go
  - internal/sdk/models/shared/quotaspec.go
  - internal/sdk/models/shared/quotalimit.go
  - internal/sdk/models/shared/scalingpolicyliststub.go
  - internal/sdk/models/shared/fuzzysearchresponse.go
  - internal/sdk/models/shared/fuzzymatch.go
  - internal/sdk/models/shared/fuzzysearchrequest.go
  - internal/sdk/models/shared/searchresponse.go
  - internal/sdk/models/shared/searchrequest.go
  - internal/sdk/models/shared/variable.go
  - internal/sdk/models/shared/variablemetadata.go
  - internal/sdk/models/shared/csivolumecreaterequest.go
  - internal/sdk/models/shared/csivolume.go
  - internal/sdk/models/shared/csitopologyrequest.go
  - internal/sdk/models/shared/csivolumecapability.go
  - internal/sdk/models/shared/csivolumelistexternalresponse.go
  - internal/sdk/models/shared/csivolumeexternalstub.go
  - internal/sdk/models/shared/csisnapshotlistresponse.go
  - internal/sdk/models/shared/csisnapshot.go
  - internal/sdk/models/shared/csivolumeliststub.go
  - internal/sdk/models/shared/csisnapshotcreateresponse.go
  - internal/sdk/models/shared/csisnapshotcreaterequest.go
  - internal/sdk/models/shared/csivolumeregisterrequest.go
  - internal/sdk/models/shared/security.go
  - internal/sdk/.gitignore
  - internal/sdk/.gitattributes
  - internal/sdk/internal/hooks/hooks.go
  - examples/README.md
  - go.mod
  - go.sum
  - internal/planmodifiers/boolplanmodifier/suppress_diff.go
  - internal/planmodifiers/float64planmodifier/suppress_diff.go
  - internal/planmodifiers/int64planmodifier/suppress_diff.go
  - internal/planmodifiers/listplanmodifier/suppress_diff.go
  - internal/planmodifiers/mapplanmodifier/suppress_diff.go
  - internal/planmodifiers/numberplanmodifier/suppress_diff.go
  - internal/planmodifiers/objectplanmodifier/suppress_diff.go
  - internal/planmodifiers/setplanmodifier/suppress_diff.go
  - internal/planmodifiers/stringplanmodifier/suppress_diff.go
  - internal/planmodifiers/utils/state_check.go
  - internal/provider/reflect/diags.go
  - internal/provider/reflect/doc.go
  - internal/provider/reflect/generic_attr_value.go
  - internal/provider/reflect/helpers.go
  - internal/provider/reflect/interfaces.go
  - internal/provider/reflect/into.go
  - internal/provider/reflect/map.go
  - internal/provider/reflect/number.go
  - internal/provider/reflect/options.go
  - internal/provider/reflect/outof.go
  - internal/provider/reflect/pointer.go
  - internal/provider/reflect/primitive.go
  - internal/provider/reflect/slice.go
  - internal/provider/reflect/struct.go
  - internal/provider/utils.go
  - internal/validators/DateValidator.go
  - internal/validators/ExactlyOneChild.go
  - internal/validators/JSONParseValidator.go
  - internal/validators/RFC3339Validator.go
  - internal/validators/boolvalidators/not_null.go
  - internal/validators/float64validators/not_null.go
  - internal/validators/int64validators/not_null.go
  - internal/validators/listvalidators/not_null.go
  - internal/validators/mapvalidators/not_null.go
  - internal/validators/numbervalidators/not_null.go
  - internal/validators/objectvalidators/not_null.go
  - internal/validators/setvalidators/not_null.go
  - internal/validators/stringvalidators/not_null.go
  - main.go
  - terraform-registry-manifest.json
  - tools/tools.go
  - USAGE.md
  - internal/provider/provider.go
  - examples/provider/provider.tf
  - .gitattributes
